// !$*UTF8*$!
{
	archiveVersion = 1;
	classes = {
	};
	objectVersion = 46;
	objects = {

/* Begin PBXBuildFile section */
		21A944E51AA6A3D600FDCE56 /* main.m in Sources */ = {isa = PBXBuildFile; fileRef = 21A944E41AA6A3D600FDCE56 /* main.m */; };
		21A944E81AA6A3D600FDCE56 /* AppDelegate.mm in Sources */ = {isa = PBXBuildFile; fileRef = 21A944E71AA6A3D600FDCE56 /* AppDelegate.mm */; };
		21A944EB1AA6A3D600FDCE56 /* ViewController.m in Sources */ = {isa = PBXBuildFile; fileRef = 21A944EA1AA6A3D600FDCE56 /* ViewController.m */; };
		21A944EE1AA6A3D600FDCE56 /* Main.storyboard in Resources */ = {isa = PBXBuildFile; fileRef = 21A944EC1AA6A3D600FDCE56 /* Main.storyboard */; };
		21A944F01AA6A3D600FDCE56 /* Images.xcassets in Resources */ = {isa = PBXBuildFile; fileRef = 21A944EF1AA6A3D600FDCE56 /* Images.xcassets */; };
		21A944F31AA6A3D600FDCE56 /* LaunchScreen.xib in Resources */ = {isa = PBXBuildFile; fileRef = 21A944F11AA6A3D600FDCE56 /* LaunchScreen.xib */; };
		21A944FF1AA6A3D600FDCE56 /* FriendsMapTests.m in Sources */ = {isa = PBXBuildFile; fileRef = 21A944FE1AA6A3D600FDCE56 /* FriendsMapTests.m */; };
		21A9454D1AA6A49B00FDCE56 /* mapapi.bundle in Resources */ = {isa = PBXBuildFile; fileRef = 21A945471AA6A49B00FDCE56 /* mapapi.bundle */; };
		21A9454E1AA6A49B00FDCE56 /* readme.txt in Resources */ = {isa = PBXBuildFile; fileRef = 21A945481AA6A49B00FDCE56 /* readme.txt */; };
		21A9454F1AA6A49B00FDCE56 /* libbaidumapapi.a in Frameworks */ = {isa = PBXBuildFile; fileRef = 21A9454A1AA6A49B00FDCE56 /* libbaidumapapi.a */; };
		21A945501AA6A49B00FDCE56 /* libbaidumapapi.a in Frameworks */ = {isa = PBXBuildFile; fileRef = 21A9454C1AA6A49B00FDCE56 /* libbaidumapapi.a */; };
		21A945531AA6A52100FDCE56 /* AnnotationModel.m in Sources */ = {isa = PBXBuildFile; fileRef = 21A945521AA6A52100FDCE56 /* AnnotationModel.m */; };
		21A945551AA6A88700FDCE56 /* Security.framework in Frameworks */ = {isa = PBXBuildFile; fileRef = 21A945541AA6A88700FDCE56 /* Security.framework */; };
		21A945571AA6A89600FDCE56 /* SystemConfiguration.framework in Frameworks */ = {isa = PBXBuildFile; fileRef = 21A945561AA6A89600FDCE56 /* SystemConfiguration.framework */; };
/* End PBXBuildFile section */

/* Begin PBXContainerItemProxy section */
		21A944F91AA6A3D600FDCE56 /* PBXContainerItemProxy */ = {
			isa = PBXContainerItemProxy;
			containerPortal = 21A944D71AA6A3D600FDCE56 /* Project object */;
			proxyType = 1;
			remoteGlobalIDString = 21A944DE1AA6A3D600FDCE56;
			remoteInfo = FriendsMap;
		};
/* End PBXContainerItemProxy section */

/* Begin PBXFileReference section */
		21A944DF1AA6A3D600FDCE56 /* FriendsMap.app */ = {isa = PBXFileReference; explicitFileType = wrapper.application; includeInIndex = 0; path = FriendsMap.app; sourceTree = BUILT_PRODUCTS_DIR; };
		21A944E31AA6A3D600FDCE56 /* Info.plist */ = {isa = PBXFileReference; lastKnownFileType = text.plist.xml; path = Info.plist; sourceTree = "<group>"; };
		21A944E41AA6A3D600FDCE56 /* main.m */ = {isa = PBXFileReference; lastKnownFileType = sourcecode.c.objc; path = main.m; sourceTree = "<group>"; };
		21A944E61AA6A3D600FDCE56 /* AppDelegate.h */ = {isa = PBXFileReference; lastKnownFileType = sourcecode.c.h; path = AppDelegate.h; sourceTree = "<group>"; };
		21A944E71AA6A3D600FDCE56 /* AppDelegate.mm */ = {isa = PBXFileReference; lastKnownFileType = sourcecode.cpp.objcpp; path = AppDelegate.mm; sourceTree = "<group>"; };
		21A944E91AA6A3D600FDCE56 /* ViewController.h */ = {isa = PBXFileReference; lastKnownFileType = sourcecode.c.h; path = ViewController.h; sourceTree = "<group>"; };
		21A944EA1AA6A3D600FDCE56 /* ViewController.m */ = {isa = PBXFileReference; lastKnownFileType = sourcecode.c.objc; path = ViewController.m; sourceTree = "<group>"; };
		21A944ED1AA6A3D600FDCE56 /* Base */ = {isa = PBXFileReference; lastKnownFileType = file.storyboard; name = Base; path = Base.lproj/Main.storyboard; sourceTree = "<group>"; };
		21A944EF1AA6A3D600FDCE56 /* Images.xcassets */ = {isa = PBXFileReference; lastKnownFileType = folder.assetcatalog; path = Images.xcassets; sourceTree = "<group>"; };
		21A944F21AA6A3D600FDCE56 /* Base */ = {isa = PBXFileReference; lastKnownFileType = file.xib; name = Base; path = Base.lproj/LaunchScreen.xib; sourceTree = "<group>"; };
		21A944F81AA6A3D600FDCE56 /* FriendsMapTests.xctest */ = {isa = PBXFileReference; explicitFileType = wrapper.cfbundle; includeInIndex = 0; path = FriendsMapTests.xctest; sourceTree = BUILT_PRODUCTS_DIR; };
		21A944FD1AA6A3D600FDCE56 /* Info.plist */ = {isa = PBXFileReference; lastKnownFileType = text.plist.xml; path = Info.plist; sourceTree = "<group>"; };
		21A944FE1AA6A3D600FDCE56 /* FriendsMapTests.m */ = {isa = PBXFileReference; lastKnownFileType = sourcecode.c.objc; path = FriendsMapTests.m; sourceTree = "<group>"; };
		21A9450A1AA6A49A00FDCE56 /* BMapKit.h */ = {isa = PBXFileReference; fileEncoding = 4; lastKnownFileType = sourcecode.c.h; path = BMapKit.h; sourceTree = "<group>"; };
		21A9450B1AA6A49A00FDCE56 /* BMKActionPaopaoView.h */ = {isa = PBXFileReference; fileEncoding = 4; lastKnownFileType = sourcecode.c.h; path = BMKActionPaopaoView.h; sourceTree = "<group>"; };
		21A9450C1AA6A49A00FDCE56 /* BMKAnnotation.h */ = {isa = PBXFileReference; fileEncoding = 4; lastKnownFileType = sourcecode.c.h; path = BMKAnnotation.h; sourceTree = "<group>"; };
		21A9450D1AA6A49A00FDCE56 /* BMKAnnotationView.h */ = {isa = PBXFileReference; fileEncoding = 4; lastKnownFileType = sourcecode.c.h; path = BMKAnnotationView.h; sourceTree = "<group>"; };
		21A9450E1AA6A49A00FDCE56 /* BMKArcline.h */ = {isa = PBXFileReference; fileEncoding = 4; lastKnownFileType = sourcecode.c.h; path = BMKArcline.h; sourceTree = "<group>"; };
		21A9450F1AA6A49A00FDCE56 /* BMKArclineView.h */ = {isa = PBXFileReference; fileEncoding = 4; lastKnownFileType = sourcecode.c.h; path = BMKArclineView.h; sourceTree = "<group>"; };
		21A945101AA6A49A00FDCE56 /* BMKBaseComponent.h */ = {isa = PBXFileReference; fileEncoding = 4; lastKnownFileType = sourcecode.c.h; path = BMKBaseComponent.h; sourceTree = "<group>"; };
		21A945111AA6A49A00FDCE56 /* BMKBusLineSearch.h */ = {isa = PBXFileReference; fileEncoding = 4; lastKnownFileType = sourcecode.c.h; path = BMKBusLineSearch.h; sourceTree = "<group>"; };
		21A945121AA6A49A00FDCE56 /* BMKBusLineSearchOption.h */ = {isa = PBXFileReference; fileEncoding = 4; lastKnownFileType = sourcecode.c.h; path = BMKBusLineSearchOption.h; sourceTree = "<group>"; };
		21A945131AA6A49A00FDCE56 /* BMKCircle.h */ = {isa = PBXFileReference; fileEncoding = 4; lastKnownFileType = sourcecode.c.h; path = BMKCircle.h; sourceTree = "<group>"; };
		21A945141AA6A49A00FDCE56 /* BMKCircleView.h */ = {isa = PBXFileReference; fileEncoding = 4; lastKnownFileType = sourcecode.c.h; path = BMKCircleView.h; sourceTree = "<group>"; };
		21A945151AA6A49A00FDCE56 /* BMKCloudPOIList.h */ = {isa = PBXFileReference; fileEncoding = 4; lastKnownFileType = sourcecode.c.h; path = BMKCloudPOIList.h; sourceTree = "<group>"; };
		21A945161AA6A49A00FDCE56 /* BMKCloudSearch.h */ = {isa = PBXFileReference; fileEncoding = 4; lastKnownFileType = sourcecode.c.h; path = BMKCloudSearch.h; sourceTree = "<group>"; };
		21A945171AA6A49A00FDCE56 /* BMKCloudSearchComponent.h */ = {isa = PBXFileReference; fileEncoding = 4; lastKnownFileType = sourcecode.c.h; path = BMKCloudSearchComponent.h; sourceTree = "<group>"; };
		21A945181AA6A49A00FDCE56 /* BMKCloudSearchInfo.h */ = {isa = PBXFileReference; fileEncoding = 4; lastKnownFileType = sourcecode.c.h; path = BMKCloudSearchInfo.h; sourceTree = "<group>"; };
		21A945191AA6A49A00FDCE56 /* BMKGeneralDelegate.h */ = {isa = PBXFileReference; fileEncoding = 4; lastKnownFileType = sourcecode.c.h; path = BMKGeneralDelegate.h; sourceTree = "<group>"; };
		21A9451A1AA6A49A00FDCE56 /* BMKGeocodeSearch.h */ = {isa = PBXFileReference; fileEncoding = 4; lastKnownFileType = sourcecode.c.h; path = BMKGeocodeSearch.h; sourceTree = "<group>"; };
		21A9451B1AA6A49A00FDCE56 /* BMKGeocodeSearchOption.h */ = {isa = PBXFileReference; fileEncoding = 4; lastKnownFileType = sourcecode.c.h; path = BMKGeocodeSearchOption.h; sourceTree = "<group>"; };
		21A9451C1AA6A49B00FDCE56 /* BMKGeocodeType.h */ = {isa = PBXFileReference; fileEncoding = 4; lastKnownFileType = sourcecode.c.h; path = BMKGeocodeType.h; sourceTree = "<group>"; };
		21A9451D1AA6A49B00FDCE56 /* BMKGeometry.h */ = {isa = PBXFileReference; fileEncoding = 4; lastKnownFileType = sourcecode.c.h; path = BMKGeometry.h; sourceTree = "<group>"; };
		21A9451E1AA6A49B00FDCE56 /* BMKGradient.h */ = {isa = PBXFileReference; fileEncoding = 4; lastKnownFileType = sourcecode.c.h; path = BMKGradient.h; sourceTree = "<group>"; };
		21A9451F1AA6A49B00FDCE56 /* BMKGroundOverlay.h */ = {isa = PBXFileReference; fileEncoding = 4; lastKnownFileType = sourcecode.c.h; path = BMKGroundOverlay.h; sourceTree = "<group>"; };
		21A945201AA6A49B00FDCE56 /* BMKGroundOverlayView.h */ = {isa = PBXFileReference; fileEncoding = 4; lastKnownFileType = sourcecode.c.h; path = BMKGroundOverlayView.h; sourceTree = "<group>"; };
		21A945211AA6A49B00FDCE56 /* BMKHeatMap.h */ = {isa = PBXFileReference; fileEncoding = 4; lastKnownFileType = sourcecode.c.h; path = BMKHeatMap.h; sourceTree = "<group>"; };
		21A945221AA6A49B00FDCE56 /* BMKLocationComponent.h */ = {isa = PBXFileReference; fileEncoding = 4; lastKnownFileType = sourcecode.c.h; path = BMKLocationComponent.h; sourceTree = "<group>"; };
		21A945231AA6A49B00FDCE56 /* BMKLocationService.h */ = {isa = PBXFileReference; fileEncoding = 4; lastKnownFileType = sourcecode.c.h; path = BMKLocationService.h; sourceTree = "<group>"; };
		21A945241AA6A49B00FDCE56 /* BMKLocationViewDisplayParam.h */ = {isa = PBXFileReference; fileEncoding = 4; lastKnownFileType = sourcecode.c.h; path = BMKLocationViewDisplayParam.h; sourceTree = "<group>"; };
		21A945251AA6A49B00FDCE56 /* BMKMapComponent.h */ = {isa = PBXFileReference; fileEncoding = 4; lastKnownFileType = sourcecode.c.h; path = BMKMapComponent.h; sourceTree = "<group>"; };
		21A945261AA6A49B00FDCE56 /* BMKMapManager.h */ = {isa = PBXFileReference; fileEncoding = 4; lastKnownFileType = sourcecode.c.h; path = BMKMapManager.h; sourceTree = "<group>"; };
		21A945271AA6A49B00FDCE56 /* BMKMapStatus.h */ = {isa = PBXFileReference; fileEncoding = 4; lastKnownFileType = sourcecode.c.h; path = BMKMapStatus.h; sourceTree = "<group>"; };
		21A945281AA6A49B00FDCE56 /* BMKMapView.h */ = {isa = PBXFileReference; fileEncoding = 4; lastKnownFileType = sourcecode.c.h; path = BMKMapView.h; sourceTree = "<group>"; };
		21A945291AA6A49B00FDCE56 /* BMKMultiPoint.h */ = {isa = PBXFileReference; fileEncoding = 4; lastKnownFileType = sourcecode.c.h; path = BMKMultiPoint.h; sourceTree = "<group>"; };
		21A9452A1AA6A49B00FDCE56 /* BMKNavigation.h */ = {isa = PBXFileReference; fileEncoding = 4; lastKnownFileType = sourcecode.c.h; path = BMKNavigation.h; sourceTree = "<group>"; };
		21A9452B1AA6A49B00FDCE56 /* BMKOfflineMap.h */ = {isa = PBXFileReference; fileEncoding = 4; lastKnownFileType = sourcecode.c.h; path = BMKOfflineMap.h; sourceTree = "<group>"; };
		21A9452C1AA6A49B00FDCE56 /* BMKOfflineMapType.h */ = {isa = PBXFileReference; fileEncoding = 4; lastKnownFileType = sourcecode.c.h; path = BMKOfflineMapType.h; sourceTree = "<group>"; };
		21A9452D1AA6A49B00FDCE56 /* BMKOverlay.h */ = {isa = PBXFileReference; fileEncoding = 4; lastKnownFileType = sourcecode.c.h; path = BMKOverlay.h; sourceTree = "<group>"; };
		21A9452E1AA6A49B00FDCE56 /* BMKOverlayGLBasicView.h */ = {isa = PBXFileReference; fileEncoding = 4; lastKnownFileType = sourcecode.c.h; path = BMKOverlayGLBasicView.h; sourceTree = "<group>"; };
		21A9452F1AA6A49B00FDCE56 /* BMKOverlayPathView.h */ = {isa = PBXFileReference; fileEncoding = 4; lastKnownFileType = sourcecode.c.h; path = BMKOverlayPathView.h; sourceTree = "<group>"; };
		21A945301AA6A49B00FDCE56 /* BMKOverlayView.h */ = {isa = PBXFileReference; fileEncoding = 4; lastKnownFileType = sourcecode.c.h; path = BMKOverlayView.h; sourceTree = "<group>"; };
		21A945311AA6A49B00FDCE56 /* BMKPinAnnotationView.h */ = {isa = PBXFileReference; fileEncoding = 4; lastKnownFileType = sourcecode.c.h; path = BMKPinAnnotationView.h; sourceTree = "<group>"; };
		21A945321AA6A49B00FDCE56 /* BMKPointAnnotation.h */ = {isa = PBXFileReference; fileEncoding = 4; lastKnownFileType = sourcecode.c.h; path = BMKPointAnnotation.h; sourceTree = "<group>"; };
		21A945331AA6A49B00FDCE56 /* BMKPoiSearch.h */ = {isa = PBXFileReference; fileEncoding = 4; lastKnownFileType = sourcecode.c.h; path = BMKPoiSearch.h; sourceTree = "<group>"; };
		21A945341AA6A49B00FDCE56 /* BMKPoiSearchOption.h */ = {isa = PBXFileReference; fileEncoding = 4; lastKnownFileType = sourcecode.c.h; path = BMKPoiSearchOption.h; sourceTree = "<group>"; };
		21A945351AA6A49B00FDCE56 /* BMKPoiSearchType.h */ = {isa = PBXFileReference; fileEncoding = 4; lastKnownFileType = sourcecode.c.h; path = BMKPoiSearchType.h; sourceTree = "<group>"; };
		21A945361AA6A49B00FDCE56 /* BMKPolygon.h */ = {isa = PBXFileReference; fileEncoding = 4; lastKnownFileType = sourcecode.c.h; path = BMKPolygon.h; sourceTree = "<group>"; };
		21A945371AA6A49B00FDCE56 /* BMKPolygonView.h */ = {isa = PBXFileReference; fileEncoding = 4; lastKnownFileType = sourcecode.c.h; path = BMKPolygonView.h; sourceTree = "<group>"; };
		21A945381AA6A49B00FDCE56 /* BMKPolyline.h */ = {isa = PBXFileReference; fileEncoding = 4; lastKnownFileType = sourcecode.c.h; path = BMKPolyline.h; sourceTree = "<group>"; };
		21A945391AA6A49B00FDCE56 /* BMKPolylineView.h */ = {isa = PBXFileReference; fileEncoding = 4; lastKnownFileType = sourcecode.c.h; path = BMKPolylineView.h; sourceTree = "<group>"; };
		21A9453A1AA6A49B00FDCE56 /* BMKRouteSearch.h */ = {isa = PBXFileReference; fileEncoding = 4; lastKnownFileType = sourcecode.c.h; path = BMKRouteSearch.h; sourceTree = "<group>"; };
		21A9453B1AA6A49B00FDCE56 /* BMKRouteSearchOption.h */ = {isa = PBXFileReference; fileEncoding = 4; lastKnownFileType = sourcecode.c.h; path = BMKRouteSearchOption.h; sourceTree = "<group>"; };
		21A9453C1AA6A49B00FDCE56 /* BMKRouteSearchType.h */ = {isa = PBXFileReference; fileEncoding = 4; lastKnownFileType = sourcecode.c.h; path = BMKRouteSearchType.h; sourceTree = "<group>"; };
		21A9453D1AA6A49B00FDCE56 /* BMKSearchComponent.h */ = {isa = PBXFileReference; fileEncoding = 4; lastKnownFileType = sourcecode.c.h; path = BMKSearchComponent.h; sourceTree = "<group>"; };
		21A9453E1AA6A49B00FDCE56 /* BMKShape.h */ = {isa = PBXFileReference; fileEncoding = 4; lastKnownFileType = sourcecode.c.h; path = BMKShape.h; sourceTree = "<group>"; };
		21A9453F1AA6A49B00FDCE56 /* BMKShareURLSearch.h */ = {isa = PBXFileReference; fileEncoding = 4; lastKnownFileType = sourcecode.c.h; path = BMKShareURLSearch.h; sourceTree = "<group>"; };
		21A945401AA6A49B00FDCE56 /* BMKShareUrlSearchOption.h */ = {isa = PBXFileReference; fileEncoding = 4; lastKnownFileType = sourcecode.c.h; path = BMKShareUrlSearchOption.h; sourceTree = "<group>"; };
		21A945411AA6A49B00FDCE56 /* BMKSuggestionSearch.h */ = {isa = PBXFileReference; fileEncoding = 4; lastKnownFileType = sourcecode.c.h; path = BMKSuggestionSearch.h; sourceTree = "<group>"; };
		21A945421AA6A49B00FDCE56 /* BMKSuggestionSearchOption.h */ = {isa = PBXFileReference; fileEncoding = 4; lastKnownFileType = sourcecode.c.h; path = BMKSuggestionSearchOption.h; sourceTree = "<group>"; };
		21A945431AA6A49B00FDCE56 /* BMKTypes.h */ = {isa = PBXFileReference; fileEncoding = 4; lastKnownFileType = sourcecode.c.h; path = BMKTypes.h; sourceTree = "<group>"; };
		21A945441AA6A49B00FDCE56 /* BMKUserLocation.h */ = {isa = PBXFileReference; fileEncoding = 4; lastKnownFileType = sourcecode.c.h; path = BMKUserLocation.h; sourceTree = "<group>"; };
		21A945451AA6A49B00FDCE56 /* BMKUtilsComponent.h */ = {isa = PBXFileReference; fileEncoding = 4; lastKnownFileType = sourcecode.c.h; path = BMKUtilsComponent.h; sourceTree = "<group>"; };
		21A945461AA6A49B00FDCE56 /* BMKVersion.h */ = {isa = PBXFileReference; fileEncoding = 4; lastKnownFileType = sourcecode.c.h; path = BMKVersion.h; sourceTree = "<group>"; };
		21A945471AA6A49B00FDCE56 /* mapapi.bundle */ = {isa = PBXFileReference; lastKnownFileType = "wrapper.plug-in"; path = mapapi.bundle; sourceTree = "<group>"; };
		21A945481AA6A49B00FDCE56 /* readme.txt */ = {isa = PBXFileReference; fileEncoding = 4; lastKnownFileType = text; path = readme.txt; sourceTree = "<group>"; };
		21A9454A1AA6A49B00FDCE56 /* libbaidumapapi.a */ = {isa = PBXFileReference; lastKnownFileType = archive.ar; path = libbaidumapapi.a; sourceTree = "<group>"; };
		21A9454C1AA6A49B00FDCE56 /* libbaidumapapi.a */ = {isa = PBXFileReference; lastKnownFileType = archive.ar; path = libbaidumapapi.a; sourceTree = "<group>"; };
		21A945511AA6A52100FDCE56 /* AnnotationModel.h */ = {isa = PBXFileReference; fileEncoding = 4; lastKnownFileType = sourcecode.c.h; path = AnnotationModel.h; sourceTree = "<group>"; };
		21A945521AA6A52100FDCE56 /* AnnotationModel.m */ = {isa = PBXFileReference; fileEncoding = 4; lastKnownFileType = sourcecode.c.objc; path = AnnotationModel.m; sourceTree = "<group>"; };
		21A945541AA6A88700FDCE56 /* Security.framework */ = {isa = PBXFileReference; lastKnownFileType = wrapper.framework; name = Security.framework; path = System/Library/Frameworks/Security.framework; sourceTree = SDKROOT; };
		21A945561AA6A89600FDCE56 /* SystemConfiguration.framework */ = {isa = PBXFileReference; lastKnownFileType = wrapper.framework; name = SystemConfiguration.framework; path = System/Library/Frameworks/SystemConfiguration.framework; sourceTree = SDKROOT; };
/* End PBXFileReference section */

/* Begin PBXFrameworksBuildPhase section */
		21A944DC1AA6A3D600FDCE56 /* Frameworks */ = {
			isa = PBXFrameworksBuildPhase;
			buildActionMask = 2147483647;
			files = (
				21A945571AA6A89600FDCE56 /* SystemConfiguration.framework in Frameworks */,
				21A945551AA6A88700FDCE56 /* Security.framework in Frameworks */,
				21A9454F1AA6A49B00FDCE56 /* libbaidumapapi.a in Frameworks */,
				21A945501AA6A49B00FDCE56 /* libbaidumapapi.a in Frameworks */,
			);
			runOnlyForDeploymentPostprocessing = 0;
		};
		21A944F51AA6A3D600FDCE56 /* Frameworks */ = {
			isa = PBXFrameworksBuildPhase;
			buildActionMask = 2147483647;
			files = (
			);
			runOnlyForDeploymentPostprocessing = 0;
		};
/* End PBXFrameworksBuildPhase section */

/* Begin PBXGroup section */
		21A944D61AA6A3D600FDCE56 = {
			isa = PBXGroup;
			children = (
				21A945581AA6A8B500FDCE56 /* Frameworks */,
				21A944E11AA6A3D600FDCE56 /* FriendsMap */,
				21A944FB1AA6A3D600FDCE56 /* FriendsMapTests */,
				21A944E01AA6A3D600FDCE56 /* Products */,
			);
			sourceTree = "<group>";
		};
		21A944E01AA6A3D600FDCE56 /* Products */ = {
			isa = PBXGroup;
			children = (
				21A944DF1AA6A3D600FDCE56 /* FriendsMap.app */,
				21A944F81AA6A3D600FDCE56 /* FriendsMapTests.xctest */,
			);
			name = Products;
			sourceTree = "<group>";
		};
		21A944E11AA6A3D600FDCE56 /* FriendsMap */ = {
			isa = PBXGroup;
			children = (
				21A945081AA6A49A00FDCE56 /* BaiduMap_IOSSDK_v2.6.0_Lib */,
				21A945511AA6A52100FDCE56 /* AnnotationModel.h */,
				21A945521AA6A52100FDCE56 /* AnnotationModel.m */,
				21A944E61AA6A3D600FDCE56 /* AppDelegate.h */,
				21A944E71AA6A3D600FDCE56 /* AppDelegate.mm */,
				21A944E91AA6A3D600FDCE56 /* ViewController.h */,
				21A944EA1AA6A3D600FDCE56 /* ViewController.m */,
				21A944EC1AA6A3D600FDCE56 /* Main.storyboard */,
				21A944EF1AA6A3D600FDCE56 /* Images.xcassets */,
				21A944F11AA6A3D600FDCE56 /* LaunchScreen.xib */,
				21A944E21AA6A3D600FDCE56 /* Supporting Files */,
			);
			path = FriendsMap;
			sourceTree = "<group>";
		};
		21A944E21AA6A3D600FDCE56 /* Supporting Files */ = {
			isa = PBXGroup;
			children = (
				21A944E31AA6A3D600FDCE56 /* Info.plist */,
				21A944E41AA6A3D600FDCE56 /* main.m */,
			);
			name = "Supporting Files";
			sourceTree = "<group>";
		};
		21A944FB1AA6A3D600FDCE56 /* FriendsMapTests */ = {
			isa = PBXGroup;
			children = (
				21A944FE1AA6A3D600FDCE56 /* FriendsMapTests.m */,
				21A944FC1AA6A3D600FDCE56 /* Supporting Files */,
			);
			path = FriendsMapTests;
			sourceTree = "<group>";
		};
		21A944FC1AA6A3D600FDCE56 /* Supporting Files */ = {
			isa = PBXGroup;
			children = (
				21A944FD1AA6A3D600FDCE56 /* Info.plist */,
			);
			name = "Supporting Files";
			sourceTree = "<group>";
		};
		21A945081AA6A49A00FDCE56 /* BaiduMap_IOSSDK_v2.6.0_Lib */ = {
			isa = PBXGroup;
			children = (
				21A945091AA6A49A00FDCE56 /* inc */,
				21A945471AA6A49B00FDCE56 /* mapapi.bundle */,
				21A945481AA6A49B00FDCE56 /* readme.txt */,
				21A945491AA6A49B00FDCE56 /* Release-iphoneos */,
				21A9454B1AA6A49B00FDCE56 /* Release-iphonesimulator */,
			);
			path = BaiduMap_IOSSDK_v2.6.0_Lib;
			sourceTree = "<group>";
		};
		21A945091AA6A49A00FDCE56 /* inc */ = {
			isa = PBXGroup;
			children = (
				21A9450A1AA6A49A00FDCE56 /* BMapKit.h */,
				21A9450B1AA6A49A00FDCE56 /* BMKActionPaopaoView.h */,
				21A9450C1AA6A49A00FDCE56 /* BMKAnnotation.h */,
				21A9450D1AA6A49A00FDCE56 /* BMKAnnotationView.h */,
				21A9450E1AA6A49A00FDCE56 /* BMKArcline.h */,
				21A9450F1AA6A49A00FDCE56 /* BMKArclineView.h */,
				21A945101AA6A49A00FDCE56 /* BMKBaseComponent.h */,
				21A945111AA6A49A00FDCE56 /* BMKBusLineSearch.h */,
				21A945121AA6A49A00FDCE56 /* BMKBusLineSearchOption.h */,
				21A945131AA6A49A00FDCE56 /* BMKCircle.h */,
				21A945141AA6A49A00FDCE56 /* BMKCircleView.h */,
				21A945151AA6A49A00FDCE56 /* BMKCloudPOIList.h */,
				21A945161AA6A49A00FDCE56 /* BMKCloudSearch.h */,
				21A945171AA6A49A00FDCE56 /* BMKCloudSearchComponent.h */,
				21A945181AA6A49A00FDCE56 /* BMKCloudSearchInfo.h */,
				21A945191AA6A49A00FDCE56 /* BMKGeneralDelegate.h */,
				21A9451A1AA6A49A00FDCE56 /* BMKGeocodeSearch.h */,
				21A9451B1AA6A49A00FDCE56 /* BMKGeocodeSearchOption.h */,
				21A9451C1AA6A49B00FDCE56 /* BMKGeocodeType.h */,
				21A9451D1AA6A49B00FDCE56 /* BMKGeometry.h */,
				21A9451E1AA6A49B00FDCE56 /* BMKGradient.h */,
				21A9451F1AA6A49B00FDCE56 /* BMKGroundOverlay.h */,
				21A945201AA6A49B00FDCE56 /* BMKGroundOverlayView.h */,
				21A945211AA6A49B00FDCE56 /* BMKHeatMap.h */,
				21A945221AA6A49B00FDCE56 /* BMKLocationComponent.h */,
				21A945231AA6A49B00FDCE56 /* BMKLocationService.h */,
				21A945241AA6A49B00FDCE56 /* BMKLocationViewDisplayParam.h */,
				21A945251AA6A49B00FDCE56 /* BMKMapComponent.h */,
				21A945261AA6A49B00FDCE56 /* BMKMapManager.h */,
				21A945271AA6A49B00FDCE56 /* BMKMapStatus.h */,
				21A945281AA6A49B00FDCE56 /* BMKMapView.h */,
				21A945291AA6A49B00FDCE56 /* BMKMultiPoint.h */,
				21A9452A1AA6A49B00FDCE56 /* BMKNavigation.h */,
				21A9452B1AA6A49B00FDCE56 /* BMKOfflineMap.h */,
				21A9452C1AA6A49B00FDCE56 /* BMKOfflineMapType.h */,
				21A9452D1AA6A49B00FDCE56 /* BMKOverlay.h */,
				21A9452E1AA6A49B00FDCE56 /* BMKOverlayGLBasicView.h */,
				21A9452F1AA6A49B00FDCE56 /* BMKOverlayPathView.h */,
				21A945301AA6A49B00FDCE56 /* BMKOverlayView.h */,
				21A945311AA6A49B00FDCE56 /* BMKPinAnnotationView.h */,
				21A945321AA6A49B00FDCE56 /* BMKPointAnnotation.h */,
				21A945331AA6A49B00FDCE56 /* BMKPoiSearch.h */,
				21A945341AA6A49B00FDCE56 /* BMKPoiSearchOption.h */,
				21A945351AA6A49B00FDCE56 /* BMKPoiSearchType.h */,
				21A945361AA6A49B00FDCE56 /* BMKPolygon.h */,
				21A945371AA6A49B00FDCE56 /* BMKPolygonView.h */,
				21A945381AA6A49B00FDCE56 /* BMKPolyline.h */,
				21A945391AA6A49B00FDCE56 /* BMKPolylineView.h */,
				21A9453A1AA6A49B00FDCE56 /* BMKRouteSearch.h */,
				21A9453B1AA6A49B00FDCE56 /* BMKRouteSearchOption.h */,
				21A9453C1AA6A49B00FDCE56 /* BMKRouteSearchType.h */,
				21A9453D1AA6A49B00FDCE56 /* BMKSearchComponent.h */,
				21A9453E1AA6A49B00FDCE56 /* BMKShape.h */,
				21A9453F1AA6A49B00FDCE56 /* BMKShareURLSearch.h */,
				21A945401AA6A49B00FDCE56 /* BMKShareUrlSearchOption.h */,
				21A945411AA6A49B00FDCE56 /* BMKSuggestionSearch.h */,
				21A945421AA6A49B00FDCE56 /* BMKSuggestionSearchOption.h */,
				21A945431AA6A49B00FDCE56 /* BMKTypes.h */,
				21A945441AA6A49B00FDCE56 /* BMKUserLocation.h */,
				21A945451AA6A49B00FDCE56 /* BMKUtilsComponent.h */,
				21A945461AA6A49B00FDCE56 /* BMKVersion.h */,
			);
			path = inc;
			sourceTree = "<group>";
		};
		21A945491AA6A49B00FDCE56 /* Release-iphoneos */ = {
			isa = PBXGroup;
			children = (
				21A9454A1AA6A49B00FDCE56 /* libbaidumapapi.a */,
			);
			path = "Release-iphoneos";
			sourceTree = "<group>";
		};
		21A9454B1AA6A49B00FDCE56 /* Release-iphonesimulator */ = {
			isa = PBXGroup;
			children = (
				21A9454C1AA6A49B00FDCE56 /* libbaidumapapi.a */,
			);
			path = "Release-iphonesimulator";
			sourceTree = "<group>";
		};
		21A945581AA6A8B500FDCE56 /* Frameworks */ = {
			isa = PBXGroup;
			children = (
				21A945561AA6A89600FDCE56 /* SystemConfiguration.framework */,
				21A945541AA6A88700FDCE56 /* Security.framework */,
			);
			name = Frameworks;
			sourceTree = "<group>";
		};
/* End PBXGroup section */

/* Begin PBXNativeTarget section */
		21A944DE1AA6A3D600FDCE56 /* FriendsMap */ = {
			isa = PBXNativeTarget;
			buildConfigurationList = 21A945021AA6A3D600FDCE56 /* Build configuration list for PBXNativeTarget "FriendsMap" */;
			buildPhases = (
				21A944DB1AA6A3D600FDCE56 /* Sources */,
				21A944DC1AA6A3D600FDCE56 /* Frameworks */,
				21A944DD1AA6A3D600FDCE56 /* Resources */,
			);
			buildRules = (
			);
			dependencies = (
			);
			name = FriendsMap;
			productName = FriendsMap;
			productReference = 21A944DF1AA6A3D600FDCE56 /* FriendsMap.app */;
			productType = "com.apple.product-type.application";
		};
		21A944F71AA6A3D600FDCE56 /* FriendsMapTests */ = {
			isa = PBXNativeTarget;
			buildConfigurationList = 21A945051AA6A3D600FDCE56 /* Build configuration list for PBXNativeTarget "FriendsMapTests" */;
			buildPhases = (
				21A944F41AA6A3D600FDCE56 /* Sources */,
				21A944F51AA6A3D600FDCE56 /* Frameworks */,
				21A944F61AA6A3D600FDCE56 /* Resources */,
			);
			buildRules = (
			);
			dependencies = (
				21A944FA1AA6A3D600FDCE56 /* PBXTargetDependency */,
			);
			name = FriendsMapTests;
			productName = FriendsMapTests;
			productReference = 21A944F81AA6A3D600FDCE56 /* FriendsMapTests.xctest */;
			productType = "com.apple.product-type.bundle.unit-test";
		};
/* End PBXNativeTarget section */

/* Begin PBXProject section */
		21A944D71AA6A3D600FDCE56 /* Project object */ = {
			isa = PBXProject;
			attributes = {
				LastUpgradeCheck = 0610;
				ORGANIZATIONNAME = Wang;
				TargetAttributes = {
					21A944DE1AA6A3D600FDCE56 = {
						CreatedOnToolsVersion = 6.1.1;
					};
					21A944F71AA6A3D600FDCE56 = {
						CreatedOnToolsVersion = 6.1.1;
						TestTargetID = 21A944DE1AA6A3D600FDCE56;
					};
				};
			};
			buildConfigurationList = 21A944DA1AA6A3D600FDCE56 /* Build configuration list for PBXProject "FriendsMap" */;
			compatibilityVersion = "Xcode 3.2";
			developmentRegion = English;
			hasScannedForEncodings = 0;
			knownRegions = (
				en,
				Base,
			);
			mainGroup = 21A944D61AA6A3D600FDCE56;
			productRefGroup = 21A944E01AA6A3D600FDCE56 /* Products */;
			projectDirPath = "";
			projectRoot = "";
			targets = (
				21A944DE1AA6A3D600FDCE56 /* FriendsMap */,
				21A944F71AA6A3D600FDCE56 /* FriendsMapTests */,
			);
		};
/* End PBXProject section */

/* Begin PBXResourcesBuildPhase section */
		21A944DD1AA6A3D600FDCE56 /* Resources */ = {
			isa = PBXResourcesBuildPhase;
			buildActionMask = 2147483647;
			files = (
				21A9454E1AA6A49B00FDCE56 /* readme.txt in Resources */,
				21A944EE1AA6A3D600FDCE56 /* Main.storyboard in Resources */,
				21A9454D1AA6A49B00FDCE56 /* mapapi.bundle in Resources */,
				21A944F31AA6A3D600FDCE56 /* LaunchScreen.xib in Resources */,
				21A944F01AA6A3D600FDCE56 /* Images.xcassets in Resources */,
			);
			runOnlyForDeploymentPostprocessing = 0;
		};
		21A944F61AA6A3D600FDCE56 /* Resources */ = {
			isa = PBXResourcesBuildPhase;
			buildActionMask = 2147483647;
			files = (
			);
			runOnlyForDeploymentPostprocessing = 0;
		};
/* End PBXResourcesBuildPhase section */

/* Begin PBXSourcesBuildPhase section */
		21A944DB1AA6A3D600FDCE56 /* Sources */ = {
			isa = PBXSourcesBuildPhase;
			buildActionMask = 2147483647;
			files = (
				21A945531AA6A52100FDCE56 /* AnnotationModel.m in Sources */,
				21A944EB1AA6A3D600FDCE56 /* ViewController.m in Sources */,
				21A944E81AA6A3D600FDCE56 /* AppDelegate.mm in Sources */,
				21A944E51AA6A3D600FDCE56 /* main.m in Sources */,
			);
			runOnlyForDeploymentPostprocessing = 0;
		};
		21A944F41AA6A3D600FDCE56 /* Sources */ = {
			isa = PBXSourcesBuildPhase;
			buildActionMask = 2147483647;
			files = (
				21A944FF1AA6A3D600FDCE56 /* FriendsMapTests.m in Sources */,
			);
			runOnlyForDeploymentPostprocessing = 0;
		};
/* End PBXSourcesBuildPhase section */

/* Begin PBXTargetDependency section */
		21A944FA1AA6A3D600FDCE56 /* PBXTargetDependency */ = {
			isa = PBXTargetDependency;
			target = 21A944DE1AA6A3D600FDCE56 /* FriendsMap */;
			targetProxy = 21A944F91AA6A3D600FDCE56 /* PBXContainerItemProxy */;
		};
/* End PBXTargetDependency section */

/* Begin PBXVariantGroup section */
		21A944EC1AA6A3D600FDCE56 /* Main.storyboard */ = {
			isa = PBXVariantGroup;
			children = (
				21A944ED1AA6A3D600FDCE56 /* Base */,
			);
			name = Main.storyboard;
			sourceTree = "<group>";
		};
		21A944F11AA6A3D600FDCE56 /* LaunchScreen.xib */ = {
			isa = PBXVariantGroup;
			children = (
				21A944F21AA6A3D600FDCE56 /* Base */,
			);
			name = LaunchScreen.xib;
			sourceTree = "<group>";
		};
/* End PBXVariantGroup section */

/* Begin XCBuildConfiguration section */
		21A945001AA6A3D600FDCE56 /* Debug */ = {
			isa = XCBuildConfiguration;
			buildSettings = {
				ALWAYS_SEARCH_USER_PATHS = NO;
				CLANG_CXX_LANGUAGE_STANDARD = "gnu++0x";
				CLANG_CXX_LIBRARY = "libc++";
				CLANG_ENABLE_MODULES = YES;
				CLANG_ENABLE_OBJC_ARC = YES;
				CLANG_WARN_BOOL_CONVERSION = YES;
				CLANG_WARN_CONSTANT_CONVERSION = YES;
				CLANG_WARN_DIRECT_OBJC_ISA_USAGE = YES_ERROR;
				CLANG_WARN_EMPTY_BODY = YES;
				CLANG_WARN_ENUM_CONVERSION = YES;
				CLANG_WARN_INT_CONVERSION = YES;
				CLANG_WARN_OBJC_ROOT_CLASS = YES_ERROR;
				CLANG_WARN_UNREACHABLE_CODE = YES;
				CLANG_WARN__DUPLICATE_METHOD_MATCH = YES;
				"CODE_SIGN_IDENTITY[sdk=iphoneos*]" = "iPhone Developer";
				COPY_PHASE_STRIP = NO;
				ENABLE_STRICT_OBJC_MSGSEND = YES;
				GCC_C_LANGUAGE_STANDARD = gnu99;
				GCC_DYNAMIC_NO_PIC = NO;
				GCC_OPTIMIZATION_LEVEL = 0;
				GCC_PREPROCESSOR_DEFINITIONS = (
					"DEBUG=1",
					"$(inherited)",
				);
				GCC_SYMBOLS_PRIVATE_EXTERN = NO;
				GCC_WARN_64_TO_32_BIT_CONVERSION = YES;
				GCC_WARN_ABOUT_RETURN_TYPE = YES_ERROR;
				GCC_WARN_UNDECLARED_SELECTOR = YES;
				GCC_WARN_UNINITIALIZED_AUTOS = YES_AGGRESSIVE;
				GCC_WARN_UNUSED_FUNCTION = YES;
				GCC_WARN_UNUSED_VARIABLE = YES;
				IPHONEOS_DEPLOYMENT_TARGET = 8.1;
				MTL_ENABLE_DEBUG_INFO = YES;
				ONLY_ACTIVE_ARCH = YES;
				SDKROOT = iphoneos;
				TARGETED_DEVICE_FAMILY = "1,2";
			};
			name = Debug;
		};
		21A945011AA6A3D600FDCE56 /* Release */ = {
			isa = XCBuildConfiguration;
			buildSettings = {
				ALWAYS_SEARCH_USER_PATHS = NO;
				CLANG_CXX_LANGUAGE_STANDARD = "gnu++0x";
				CLANG_CXX_LIBRARY = "libc++";
				CLANG_ENABLE_MODULES = YES;
				CLANG_ENABLE_OBJC_ARC = YES;
				CLANG_WARN_BOOL_CONVERSION = YES;
				CLANG_WARN_CONSTANT_CONVERSION = YES;
				CLANG_WARN_DIRECT_OBJC_ISA_USAGE = YES_ERROR;
				CLANG_WARN_EMPTY_BODY = YES;
				CLANG_WARN_ENUM_CONVERSION = YES;
				CLANG_WARN_INT_CONVERSION = YES;
				CLANG_WARN_OBJC_ROOT_CLASS = YES_ERROR;
				CLANG_WARN_UNREACHABLE_CODE = YES;
				CLANG_WARN__DUPLICATE_METHOD_MATCH = YES;
				"CODE_SIGN_IDENTITY[sdk=iphoneos*]" = "iPhone Developer";
				COPY_PHASE_STRIP = YES;
				ENABLE_NS_ASSERTIONS = NO;
				ENABLE_STRICT_OBJC_MSGSEND = YES;
				GCC_C_LANGUAGE_STANDARD = gnu99;
				GCC_WARN_64_TO_32_BIT_CONVERSION = YES;
				GCC_WARN_ABOUT_RETURN_TYPE = YES_ERROR;
				GCC_WARN_UNDECLARED_SELECTOR = YES;
				GCC_WARN_UNINITIALIZED_AUTOS = YES_AGGRESSIVE;
				GCC_WARN_UNUSED_FUNCTION = YES;
				GCC_WARN_UNUSED_VARIABLE = YES;
				IPHONEOS_DEPLOYMENT_TARGET = 8.1;
				MTL_ENABLE_DEBUG_INFO = NO;
				SDKROOT = iphoneos;
				TARGETED_DEVICE_FAMILY = "1,2";
				VALIDATE_PRODUCT = YES;
			};
			name = Release;
		};
		21A945031AA6A3D600FDCE56 /* Debug */ = {
			isa = XCBuildConfiguration;
			buildSettings = {
				ASSETCATALOG_COMPILER_APPICON_NAME = AppIcon;
				INFOPLIST_FILE = FriendsMap/Info.plist;
				LD_RUNPATH_SEARCH_PATHS = "$(inherited) @executable_path/Frameworks";
				LIBRARY_SEARCH_PATHS = (
					"$(inherited)",
					"$(PROJECT_DIR)/FriendsMap/BaiduMap_IOSSDK_v2.6.0_Lib/Release-iphoneos",
					"$(PROJECT_DIR)/FriendsMap/BaiduMap_IOSSDK_v2.6.0_Lib/Release-iphonesimulator",
				);
				OTHER_LDFLAGS = "-ObjC";
				PRODUCT_NAME = "$(TARGET_NAME)";
				TARGETED_DEVICE_FAMILY = 1;
			};
			name = Debug;
		};
		21A945041AA6A3D600FDCE56 /* Release */ = {
			isa = XCBuildConfiguration;
			buildSettings = {
				ASSETCATALOG_COMPILER_APPICON_NAME = AppIcon;
				INFOPLIST_FILE = FriendsMap/Info.plist;
				LD_RUNPATH_SEARCH_PATHS = "$(inherited) @executable_path/Frameworks";
				LIBRARY_SEARCH_PATHS = (
					"$(inherited)",
					"$(PROJECT_DIR)/FriendsMap/BaiduMap_IOSSDK_v2.6.0_Lib/Release-iphoneos",
					"$(PROJECT_DIR)/FriendsMap/BaiduMap_IOSSDK_v2.6.0_Lib/Release-iphonesimulator",
				);
				OTHER_LDFLAGS = "-ObjC";
				PRODUCT_NAME = "$(TARGET_NAME)";
				TARGETED_DEVICE_FAMILY = 1;
			};
			name = Release;
		};
		21A945061AA6A3D600FDCE56 /* Debug */ = {
			isa = XCBuildConfiguration;
			buildSettings = {
				BUNDLE_LOADER = "$(TEST_HOST)";
				FRAMEWORK_SEARCH_PATHS = (
					"$(SDKROOT)/Developer/Library/Frameworks",
					"$(inherited)",
				);
				GCC_PREPROCESSOR_DEFINITIONS = (
					"DEBUG=1",
					"$(inherited)",
				);
				INFOPLIST_FILE = FriendsMapTests/Info.plist;
				LD_RUNPATH_SEARCH_PATHS = "$(inherited) @executable_path/Frameworks @loader_path/Frameworks";
				PRODUCT_NAME = "$(TARGET_NAME)";
				TEST_HOST = "$(BUILT_PRODUCTS_DIR)/FriendsMap.app/FriendsMap";
			};
			name = Debug;
		};
		21A945071AA6A3D600FDCE56 /* Release */ = {
			isa = XCBuildConfiguration;
			buildSettings = {
				BUNDLE_LOADER = "$(TEST_HOST)";
				FRAMEWORK_SEARCH_PATHS = (
					"$(SDKROOT)/Developer/Library/Frameworks",
					"$(inherited)",
				);
				INFOPLIST_FILE = FriendsMapTests/Info.plist;
				LD_RUNPATH_SEARCH_PATHS = "$(inherited) @executable_path/Frameworks @loader_path/Frameworks";
				PRODUCT_NAME = "$(TARGET_NAME)";
				TEST_HOST = "$(BUILT_PRODUCTS_DIR)/FriendsMap.app/FriendsMap";
			};
			name = Release;
		};
/* End XCBuildConfiguration section */

/* Begin XCConfigurationList section */
		21A944DA1AA6A3D600FDCE56 /* Build configuration list for PBXProject "FriendsMap" */ = {
			isa = XCConfigurationList;
			buildConfigurations = (
				21A945001AA6A3D600FDCE56 /* Debug */,
				21A945011AA6A3D600FDCE56 /* Release */,
			);
			defaultConfigurationIsVisible = 0;
			defaultConfigurationName = Release;
		};
		21A945021AA6A3D600FDCE56 /* Build configuration list for PBXNativeTarget "FriendsMap" */ = {
			isa = XCConfigurationList;
			buildConfigurations = (
				21A945031AA6A3D600FDCE56 /* Debug */,
				21A945041AA6A3D600FDCE56 /* Release */,
			);
			defaultConfigurationIsVisible = 0;
			defaultConfigurationName = Release;
		};
		21A945051AA6A3D600FDCE56 /* Build configuration list for PBXNativeTarget "FriendsMapTests" */ = {
			isa = XCConfigurationList;
			buildConfigurations = (
				21A945061AA6A3D600FDCE56 /* Debug */,
				21A945071AA6A3D600FDCE56 /* Release */,
			);
			defaultConfigurationIsVisible = 0;
			defaultConfigurationName = Release;
		};
/* End XCConfigurationList section */
	};
	rootObject = 21A944D71AA6A3D600FDCE56 /* Project object */;
}
